{
  "name": "react-dom",
  "version": "1.0.0",
  "lockfileVersion": 3,
  "requires": true,
  "packages": {
    "": {
      "name": "react-dom",
      "version": "1.0.0",
      "license": "ISC",
      "dependencies": {
        "react-dom": "file:"
      }
    },
    "node_modules/react-dom": {
      "resolved": "",
      "link": true
    }
  }
}
